
Microsoft Visual Studio Solution File, Format Version 12.00
# Visual Studio Version 17
VisualStudioVersion = 17.14.36408.4 d17.14
MinimumVisualStudioVersion = 10.0.40219.1
Project("{FAE04EC0-301F-11D3-BF4B-00C04F79EFBC}") = "WinFormsAppRymdSjkutGameNybörjarC#", "WinFormsAppRymdSjkutGameNybörjarC#\WinFormsAppRymdSjkutGameNybörjarC#.csproj", "{B1841B8F-4CDB-4C01-B1ED-E90F0E10A6B8}"
EndProject
Global
	GlobalSection(SolutionConfigurationPlatforms) = preSolution
		Debug|Any CPU = Debug|Any CPU
		Release|Any CPU = Release|Any CPU
	EndGlobalSection
	GlobalSection(ProjectConfigurationPlatforms) = postSolution
		{B1841B8F-4CDB-4C01-B1ED-E90F0E10A6B8}.Debug|Any CPU.ActiveCfg = Debug|Any CPU
		{B1841B8F-4CDB-4C01-B1ED-E90F0E10A6B8}.Debug|Any CPU.Build.0 = Debug|Any CPU
		{B1841B8F-4CDB-4C01-B1ED-E90F0E10A6B8}.Release|Any CPU.ActiveCfg = Release|Any CPU
		{B1841B8F-4CDB-4C01-B1ED-E90F0E10A6B8}.Release|Any CPU.Build.0 = Release|Any CPU
	EndGlobalSection
	GlobalSection(SolutionProperties) = preSolution
		HideSolutionNode = FALSE
	EndGlobalSection
	GlobalSection(ExtensibilityGlobals) = postSolution
		SolutionGuid = {AED4421F-A005-4DF1-867A-A184A4DD5125}
	EndGlobalSection
EndGlobal
